
Microsoft Visual Studio Solution File, Format Version 10.00
# Visual Studio 2008
Project("{FAE04EC0-301F-11D3-BF4B-00C04F79EFBC}") = "SignificantTrade", "SigTrade\SignificantTrade.csproj", "{92B3FAAA-9CC7-44AD-AD67-CA4EFBD1270C}"
EndProject
Project("{FAE04EC0-301F-11D3-BF4B-00C04F79EFBC}") = "SignificantTrade.Tests", "SigTrade.Tests\SignificantTrade.Tests.csproj", "{BA12FBDB-6C0B-4B02-ACB2-B28336AC67C1}"
EndProject
Global
	GlobalSection(SolutionConfigurationPlatforms) = preSolution
		Debug|Any CPU = Debug|Any CPU
		Release|Any CPU = Release|Any CPU
	EndGlobalSection
	GlobalSection(ProjectConfigurationPlatforms) = postSolution
		{92B3FAAA-9CC7-44AD-AD67-CA4EFBD1270C}.Debug|Any CPU.ActiveCfg = Debug|Any CPU
		{92B3FAAA-9CC7-44AD-AD67-CA4EFBD1270C}.Debug|Any CPU.Build.0 = Debug|Any CPU
		{92B3FAAA-9CC7-44AD-AD67-CA4EFBD1270C}.Release|Any CPU.ActiveCfg = Release|Any CPU
		{92B3FAAA-9CC7-44AD-AD67-CA4EFBD1270C}.Release|Any CPU.Build.0 = Release|Any CPU
		{BA12FBDB-6C0B-4B02-ACB2-B28336AC67C1}.Debug|Any CPU.ActiveCfg = Debug|Any CPU
		{BA12FBDB-6C0B-4B02-ACB2-B28336AC67C1}.Debug|Any CPU.Build.0 = Debug|Any CPU
		{BA12FBDB-6C0B-4B02-ACB2-B28336AC67C1}.Release|Any CPU.ActiveCfg = Release|Any CPU
		{BA12FBDB-6C0B-4B02-ACB2-B28336AC67C1}.Release|Any CPU.Build.0 = Release|Any CPU
	EndGlobalSection
	GlobalSection(SolutionProperties) = preSolution
		HideSolutionNode = FALSE
	EndGlobalSection
	GlobalSection(SubversionScc) = preSolution
		Svn-Managed = True
		Manager = AnkhSVN - Subversion Support for Visual Studio
	EndGlobalSection
EndGlobal
